
Microsoft Visual Studio Solution File, Format Version 12.00
# Visual Studio Version 16
VisualStudioVersion = 16.0.30204.135
MinimumVisualStudioVersion = 10.0.40219.1
Project("{FAE04EC0-301F-11D3-BF4B-00C04F79EFBC}") = "Police-RDBMS", "Police-RDBMS\Police-RDBMS.csproj", "{35F7F096-907C-47A2-8B87-8707E75FD45B}"
EndProject
Project("{FAE04EC0-301F-11D3-BF4B-00C04F79EFBC}") = "Police-RDBMS.Data", "Police-RDBMS.Data\Police-RDBMS.Data.csproj", "{BF48B396-A415-437D-A162-D9E7DAF07C9E}"
EndProject
Project("{FAE04EC0-301F-11D3-BF4B-00C04F79EFBC}") = "Police-RDBMS.Tests", "Police-RDBMS.Tests\Police-RDBMS.Tests.csproj", "{E845577E-D3C3-4BD8-8E96-13BED3E64826}"
EndProject
Global
	GlobalSection(SolutionConfigurationPlatforms) = preSolution
		Debug|Any CPU = Debug|Any CPU
		Release|Any CPU = Release|Any CPU
	EndGlobalSection
	GlobalSection(ProjectConfigurationPlatforms) = postSolution
		{35F7F096-907C-47A2-8B87-8707E75FD45B}.Debug|Any CPU.ActiveCfg = Debug|Any CPU
		{35F7F096-907C-47A2-8B87-8707E75FD45B}.Debug|Any CPU.Build.0 = Debug|Any CPU
		{35F7F096-907C-47A2-8B87-8707E75FD45B}.Release|Any CPU.ActiveCfg = Release|Any CPU
		{35F7F096-907C-47A2-8B87-8707E75FD45B}.Release|Any CPU.Build.0 = Release|Any CPU
		{BF48B396-A415-437D-A162-D9E7DAF07C9E}.Debug|Any CPU.ActiveCfg = Debug|Any CPU
		{BF48B396-A415-437D-A162-D9E7DAF07C9E}.Debug|Any CPU.Build.0 = Debug|Any CPU
		{BF48B396-A415-437D-A162-D9E7DAF07C9E}.Release|Any CPU.ActiveCfg = Release|Any CPU
		{BF48B396-A415-437D-A162-D9E7DAF07C9E}.Release|Any CPU.Build.0 = Release|Any CPU
		{E845577E-D3C3-4BD8-8E96-13BED3E64826}.Debug|Any CPU.ActiveCfg = Debug|Any CPU
		{E845577E-D3C3-4BD8-8E96-13BED3E64826}.Debug|Any CPU.Build.0 = Debug|Any CPU
		{E845577E-D3C3-4BD8-8E96-13BED3E64826}.Release|Any CPU.ActiveCfg = Release|Any CPU
		{E845577E-D3C3-4BD8-8E96-13BED3E64826}.Release|Any CPU.Build.0 = Release|Any CPU
	EndGlobalSection
	GlobalSection(SolutionProperties) = preSolution
		HideSolutionNode = FALSE
	EndGlobalSection
	GlobalSection(ExtensibilityGlobals) = postSolution
		SolutionGuid = {A26DDC1F-464F-4849-807C-EB0FC17B8244}
	EndGlobalSection
EndGlobal
